// !$*UTF8*$!
{
	archiveVersion = 1;
	classes = {
	};
	objectVersion = 56;
	objects = {

/* Begin PBXBuildFile section */
		12EA57F32B821ED4008A5CA6 /* AnimalKRApp.swift in Sources */ = {isa = PBXBuildFile; fileRef = 12EA57F22B821ED4008A5CA6 /* AnimalKRApp.swift */; };
		12EA57F52B821ED4008A5CA6 /* ContentView.swift in Sources */ = {isa = PBXBuildFile; fileRef = 12EA57F42B821ED4008A5CA6 /* ContentView.swift */; };
		12EA57F72B821ED5008A5CA6 /* Assets.xcassets in Resources */ = {isa = PBXBuildFile; fileRef = 12EA57F62B821ED5008A5CA6 /* Assets.xcassets */; };
		12EA57FA2B821ED5008A5CA6 /* Preview Assets.xcassets in Resources */ = {isa = PBXBuildFile; fileRef = 12EA57F92B821ED5008A5CA6 /* Preview Assets.xcassets */; };
		12EA580E2B82212C008A5CA6 /* animals.json in Resources */ = {isa = PBXBuildFile; fileRef = 12EA580B2B82212B008A5CA6 /* animals.json */; };
		12EA580F2B82212C008A5CA6 /* covers.json in Resources */ = {isa = PBXBuildFile; fileRef = 12EA580C2B82212B008A5CA6 /* covers.json */; };
		12EA58102B82212C008A5CA6 /* videos.json in Resources */ = {isa = PBXBuildFile; fileRef = 12EA580D2B82212C008A5CA6 /* videos.json */; };
		12EA58122B822263008A5CA6 /* FrameExtension.swift in Sources */ = {isa = PBXBuildFile; fileRef = 12EA58112B822263008A5CA6 /* FrameExtension.swift */; };
		12EA58142B8223E0008A5CA6 /* JsonDecodeExtension.swift in Sources */ = {isa = PBXBuildFile; fileRef = 12EA58132B8223E0008A5CA6 /* JsonDecodeExtension.swift */; };
		12EA58162B822DE9008A5CA6 /* SplashView.swift in Sources */ = {isa = PBXBuildFile; fileRef = 12EA58152B822DE9008A5CA6 /* SplashView.swift */; };
		12EA58182B822E82008A5CA6 /* HomeView.swift in Sources */ = {isa = PBXBuildFile; fileRef = 12EA58172B822E82008A5CA6 /* HomeView.swift */; };
		12EA581B2B8230FA008A5CA6 /* VideoView.swift in Sources */ = {isa = PBXBuildFile; fileRef = 12EA581A2B8230FA008A5CA6 /* VideoView.swift */; };
		12EA581D2B823102008A5CA6 /* GallaryView.swift in Sources */ = {isa = PBXBuildFile; fileRef = 12EA581C2B823102008A5CA6 /* GallaryView.swift */; };
		12EA581F2B823120008A5CA6 /* AppInfoView.swift in Sources */ = {isa = PBXBuildFile; fileRef = 12EA581E2B823120008A5CA6 /* AppInfoView.swift */; };
		12EA58212B8231F8008A5CA6 /* AnimalModel.swift in Sources */ = {isa = PBXBuildFile; fileRef = 12EA58202B8231F8008A5CA6 /* AnimalModel.swift */; };
		12EA58232B8232C8008A5CA6 /* AnimalViewModel.swift in Sources */ = {isa = PBXBuildFile; fileRef = 12EA58222B8232C8008A5CA6 /* AnimalViewModel.swift */; };
		12EA58252B8234AD008A5CA6 /* CoverImageView.swift in Sources */ = {isa = PBXBuildFile; fileRef = 12EA58242B8234AD008A5CA6 /* CoverImageView.swift */; };
		12EA58272B8236D8008A5CA6 /* AnimalListView.swift in Sources */ = {isa = PBXBuildFile; fileRef = 12EA58262B8236D8008A5CA6 /* AnimalListView.swift */; };
		12EA58292B823818008A5CA6 /* CreditView.swift in Sources */ = {isa = PBXBuildFile; fileRef = 12EA58282B823818008A5CA6 /* CreditView.swift */; };
/* End PBXBuildFile section */

/* Begin PBXFileReference section */
		12EA57EF2B821ED4008A5CA6 /* AnimalKR.app */ = {isa = PBXFileReference; explicitFileType = wrapper.application; includeInIndex = 0; path = AnimalKR.app; sourceTree = BUILT_PRODUCTS_DIR; };
		12EA57F22B821ED4008A5CA6 /* AnimalKRApp.swift */ = {isa = PBXFileReference; lastKnownFileType = sourcecode.swift; path = AnimalKRApp.swift; sourceTree = "<group>"; };
		12EA57F42B821ED4008A5CA6 /* ContentView.swift */ = {isa = PBXFileReference; lastKnownFileType = sourcecode.swift; path = ContentView.swift; sourceTree = "<group>"; };
		12EA57F62B821ED5008A5CA6 /* Assets.xcassets */ = {isa = PBXFileReference; lastKnownFileType = folder.assetcatalog; path = Assets.xcassets; sourceTree = "<group>"; };
		12EA57F92B821ED5008A5CA6 /* Preview Assets.xcassets */ = {isa = PBXFileReference; lastKnownFileType = folder.assetcatalog; path = "Preview Assets.xcassets"; sourceTree = "<group>"; };
		12EA580B2B82212B008A5CA6 /* animals.json */ = {isa = PBXFileReference; fileEncoding = 4; lastKnownFileType = text.json; path = animals.json; sourceTree = "<group>"; };
		12EA580C2B82212B008A5CA6 /* covers.json */ = {isa = PBXFileReference; fileEncoding = 4; lastKnownFileType = text.json; path = covers.json; sourceTree = "<group>"; };
		12EA580D2B82212C008A5CA6 /* videos.json */ = {isa = PBXFileReference; fileEncoding = 4; lastKnownFileType = text.json; path = videos.json; sourceTree = "<group>"; };
		12EA58112B822263008A5CA6 /* FrameExtension.swift */ = {isa = PBXFileReference; lastKnownFileType = sourcecode.swift; path = FrameExtension.swift; sourceTree = "<group>"; };
		12EA58132B8223E0008A5CA6 /* JsonDecodeExtension.swift */ = {isa = PBXFileReference; lastKnownFileType = sourcecode.swift; path = JsonDecodeExtension.swift; sourceTree = "<group>"; };
		12EA58152B822DE9008A5CA6 /* SplashView.swift */ = {isa = PBXFileReference; lastKnownFileType = sourcecode.swift; path = SplashView.swift; sourceTree = "<group>"; };
		12EA58172B822E82008A5CA6 /* HomeView.swift */ = {isa = PBXFileReference; lastKnownFileType = sourcecode.swift; path = HomeView.swift; sourceTree = "<group>"; };
		12EA581A2B8230FA008A5CA6 /* VideoView.swift */ = {isa = PBXFileReference; lastKnownFileType = sourcecode.swift; path = VideoView.swift; sourceTree = "<group>"; };
		12EA581C2B823102008A5CA6 /* GallaryView.swift */ = {isa = PBXFileReference; lastKnownFileType = sourcecode.swift; path = GallaryView.swift; sourceTree = "<group>"; };
		12EA581E2B823120008A5CA6 /* AppInfoView.swift */ = {isa = PBXFileReference; lastKnownFileType = sourcecode.swift; path = AppInfoView.swift; sourceTree = "<group>"; };
		12EA58202B8231F8008A5CA6 /* AnimalModel.swift */ = {isa = PBXFileReference; lastKnownFileType = sourcecode.swift; path = AnimalModel.swift; sourceTree = "<group>"; };
		12EA58222B8232C8008A5CA6 /* AnimalViewModel.swift */ = {isa = PBXFileReference; lastKnownFileType = sourcecode.swift; path = AnimalViewModel.swift; sourceTree = "<group>"; };
		12EA58242B8234AD008A5CA6 /* CoverImageView.swift */ = {isa = PBXFileReference; lastKnownFileType = sourcecode.swift; path = CoverImageView.swift; sourceTree = "<group>"; };
		12EA58262B8236D8008A5CA6 /* AnimalListView.swift */ = {isa = PBXFileReference; lastKnownFileType = sourcecode.swift; path = AnimalListView.swift; sourceTree = "<group>"; };
		12EA58282B823818008A5CA6 /* CreditView.swift */ = {isa = PBXFileReference; lastKnownFileType = sourcecode.swift; path = CreditView.swift; sourceTree = "<group>"; };
/* End PBXFileReference section */

/* Begin PBXFrameworksBuildPhase section */
		12EA57EC2B821ED4008A5CA6 /* Frameworks */ = {
			isa = PBXFrameworksBuildPhase;
			buildActionMask = 2147483647;
			files = (
			);
			runOnlyForDeploymentPostprocessing = 0;
		};
/* End PBXFrameworksBuildPhase section */

/* Begin PBXGroup section */
		12EA57E62B821ED4008A5CA6 = {
			isa = PBXGroup;
			children = (
				12EA57F12B821ED4008A5CA6 /* AnimalKR */,
				12EA57F02B821ED4008A5CA6 /* Products */,
			);
			sourceTree = "<group>";
		};
		12EA57F02B821ED4008A5CA6 /* Products */ = {
			isa = PBXGroup;
			children = (
				12EA57EF2B821ED4008A5CA6 /* AnimalKR.app */,
			);
			name = Products;
			sourceTree = "<group>";
		};
		12EA57F12B821ED4008A5CA6 /* AnimalKR */ = {
			isa = PBXGroup;
			children = (
				12EA58072B822044008A5CA6 /* Extensions */,
				12EA58062B822030008A5CA6 /* Data */,
				12EA58052B822016008A5CA6 /* App */,
				12EA58042B822010008A5CA6 /* Model */,
				12EA58032B82200C008A5CA6 /* ViewModel */,
				12EA58022B822006008A5CA6 /* View */,
				12EA57F62B821ED5008A5CA6 /* Assets.xcassets */,
				12EA57F82B821ED5008A5CA6 /* Preview Content */,
			);
			path = AnimalKR;
			sourceTree = "<group>";
		};
		12EA57F82B821ED5008A5CA6 /* Preview Content */ = {
			isa = PBXGroup;
			children = (
				12EA57F92B821ED5008A5CA6 /* Preview Assets.xcassets */,
			);
			path = "Preview Content";
			sourceTree = "<group>";
		};
		12EA58022B822006008A5CA6 /* View */ = {
			isa = PBXGroup;
			children = (
				12EA58192B8230F0008A5CA6 /* VideoView */,
				12EA580A2B822076008A5CA6 /* ContentView */,
				12EA58092B82206C008A5CA6 /* GallaryView */,
				12EA58082B822064008A5CA6 /* AppInfo */,
			);
			path = View;
			sourceTree = "<group>";
		};
		12EA58032B82200C008A5CA6 /* ViewModel */ = {
			isa = PBXGroup;
			children = (
				12EA58222B8232C8008A5CA6 /* AnimalViewModel.swift */,
			);
			path = ViewModel;
			sourceTree = "<group>";
		};
		12EA58042B822010008A5CA6 /* Model */ = {
			isa = PBXGroup;
			children = (
				12EA58202B8231F8008A5CA6 /* AnimalModel.swift */,
			);
			path = Model;
			sourceTree = "<group>";
		};
		12EA58052B822016008A5CA6 /* App */ = {
			isa = PBXGroup;
			children = (
				12EA57F22B821ED4008A5CA6 /* AnimalKRApp.swift */,
				12EA58152B822DE9008A5CA6 /* SplashView.swift */,
				12EA58172B822E82008A5CA6 /* HomeView.swift */,
			);
			path = App;
			sourceTree = "<group>";
		};
		12EA58062B822030008A5CA6 /* Data */ = {
			isa = PBXGroup;
			children = (
				12EA580B2B82212B008A5CA6 /* animals.json */,
				12EA580C2B82212B008A5CA6 /* covers.json */,
				12EA580D2B82212C008A5CA6 /* videos.json */,
			);
			path = Data;
			sourceTree = "<group>";
		};
		12EA58072B822044008A5CA6 /* Extensions */ = {
			isa = PBXGroup;
			children = (
				12EA58112B822263008A5CA6 /* FrameExtension.swift */,
				12EA58132B8223E0008A5CA6 /* JsonDecodeExtension.swift */,
			);
			path = Extensions;
			sourceTree = "<group>";
		};
		12EA58082B822064008A5CA6 /* AppInfo */ = {
			isa = PBXGroup;
			children = (
				12EA581E2B823120008A5CA6 /* AppInfoView.swift */,
			);
			path = AppInfo;
			sourceTree = "<group>";
		};
		12EA58092B82206C008A5CA6 /* GallaryView */ = {
			isa = PBXGroup;
			children = (
				12EA581C2B823102008A5CA6 /* GallaryView.swift */,
			);
			path = GallaryView;
			sourceTree = "<group>";
		};
		12EA580A2B822076008A5CA6 /* ContentView */ = {
			isa = PBXGroup;
			children = (
				12EA57F42B821ED4008A5CA6 /* ContentView.swift */,
				12EA58242B8234AD008A5CA6 /* CoverImageView.swift */,
				12EA58262B8236D8008A5CA6 /* AnimalListView.swift */,
				12EA58282B823818008A5CA6 /* CreditView.swift */,
			);
			path = ContentView;
			sourceTree = "<group>";
		};
		12EA58192B8230F0008A5CA6 /* VideoView */ = {
			isa = PBXGroup;
			children = (
				12EA581A2B8230FA008A5CA6 /* VideoView.swift */,
			);
			path = VideoView;
			sourceTree = "<group>";
		};
/* End PBXGroup section */

/* Begin PBXNativeTarget section */
		12EA57EE2B821ED4008A5CA6 /* AnimalKR */ = {
			isa = PBXNativeTarget;
			buildConfigurationList = 12EA57FD2B821ED5008A5CA6 /* Build configuration list for PBXNativeTarget "AnimalKR" */;
			buildPhases = (
				12EA57EB2B821ED4008A5CA6 /* Sources */,
				12EA57EC2B821ED4008A5CA6 /* Frameworks */,
				12EA57ED2B821ED4008A5CA6 /* Resources */,
			);
			buildRules = (
			);
			dependencies = (
			);
			name = AnimalKR;
			productName = AnimalKR;
			productReference = 12EA57EF2B821ED4008A5CA6 /* AnimalKR.app */;
			productType = "com.apple.product-type.application";
		};
/* End PBXNativeTarget section */

/* Begin PBXProject section */
		12EA57E72B821ED4008A5CA6 /* Project object */ = {
			isa = PBXProject;
			attributes = {
				BuildIndependentTargetsInParallel = 1;
				LastSwiftUpdateCheck = 1510;
				LastUpgradeCheck = 1510;
				TargetAttributes = {
					12EA57EE2B821ED4008A5CA6 = {
						CreatedOnToolsVersion = 15.1;
					};
				};
			};
			buildConfigurationList = 12EA57EA2B821ED4008A5CA6 /* Build configuration list for PBXProject "AnimalKR" */;
			compatibilityVersion = "Xcode 14.0";
			developmentRegion = en;
			hasScannedForEncodings = 0;
			knownRegions = (
				en,
				Base,
			);
			mainGroup = 12EA57E62B821ED4008A5CA6;
			productRefGroup = 12EA57F02B821ED4008A5CA6 /* Products */;
			projectDirPath = "";
			projectRoot = "";
			targets = (
				12EA57EE2B821ED4008A5CA6 /* AnimalKR */,
			);
		};
/* End PBXProject section */

/* Begin PBXResourcesBuildPhase section */
		12EA57ED2B821ED4008A5CA6 /* Resources */ = {
			isa = PBXResourcesBuildPhase;
			buildActionMask = 2147483647;
			files = (
				12EA580E2B82212C008A5CA6 /* animals.json in Resources */,
				12EA580F2B82212C008A5CA6 /* covers.json in Resources */,
				12EA58102B82212C008A5CA6 /* videos.json in Resources */,
				12EA57FA2B821ED5008A5CA6 /* Preview Assets.xcassets in Resources */,
				12EA57F72B821ED5008A5CA6 /* Assets.xcassets in Resources */,
			);
			runOnlyForDeploymentPostprocessing = 0;
		};
/* End PBXResourcesBuildPhase section */

/* Begin PBXSourcesBuildPhase section */
		12EA57EB2B821ED4008A5CA6 /* Sources */ = {
			isa = PBXSourcesBuildPhase;
			buildActionMask = 2147483647;
			files = (
				12EA57F52B821ED4008A5CA6 /* ContentView.swift in Sources */,
				12EA58212B8231F8008A5CA6 /* AnimalModel.swift in Sources */,
				12EA581B2B8230FA008A5CA6 /* VideoView.swift in Sources */,
				12EA57F32B821ED4008A5CA6 /* AnimalKRApp.swift in Sources */,
				12EA58252B8234AD008A5CA6 /* CoverImageView.swift in Sources */,
				12EA581D2B823102008A5CA6 /* GallaryView.swift in Sources */,
				12EA58232B8232C8008A5CA6 /* AnimalViewModel.swift in Sources */,
				12EA58162B822DE9008A5CA6 /* SplashView.swift in Sources */,
				12EA58182B822E82008A5CA6 /* HomeView.swift in Sources */,
				12EA58122B822263008A5CA6 /* FrameExtension.swift in Sources */,
				12EA58142B8223E0008A5CA6 /* JsonDecodeExtension.swift in Sources */,
				12EA58272B8236D8008A5CA6 /* AnimalListView.swift in Sources */,
				12EA581F2B823120008A5CA6 /* AppInfoView.swift in Sources */,
				12EA58292B823818008A5CA6 /* CreditView.swift in Sources */,
			);
			runOnlyForDeploymentPostprocessing = 0;
		};
/* End PBXSourcesBuildPhase section */

/* Begin XCBuildConfiguration section */
		12EA57FB2B821ED5008A5CA6 /* Debug */ = {
			isa = XCBuildConfiguration;
			buildSettings = {
				ALWAYS_SEARCH_USER_PATHS = NO;
				ASSETCATALOG_COMPILER_GENERATE_SWIFT_ASSET_SYMBOL_EXTENSIONS = YES;
				CLANG_ANALYZER_NONNULL = YES;
				CLANG_ANALYZER_NUMBER_OBJECT_CONVERSION = YES_AGGRESSIVE;
				CLANG_CXX_LANGUAGE_STANDARD = "gnu++20";
				CLANG_ENABLE_MODULES = YES;
				CLANG_ENABLE_OBJC_ARC = YES;
				CLANG_ENABLE_OBJC_WEAK = YES;
				CLANG_WARN_BLOCK_CAPTURE_AUTORELEASING = YES;
				CLANG_WARN_BOOL_CONVERSION = YES;
				CLANG_WARN_COMMA = YES;
				CLANG_WARN_CONSTANT_CONVERSION = YES;
				CLANG_WARN_DEPRECATED_OBJC_IMPLEMENTATIONS = YES;
				CLANG_WARN_DIRECT_OBJC_ISA_USAGE = YES_ERROR;
				CLANG_WARN_DOCUMENTATION_COMMENTS = YES;
				CLANG_WARN_EMPTY_BODY = YES;
				CLANG_WARN_ENUM_CONVERSION = YES;
				CLANG_WARN_INFINITE_RECURSION = YES;
				CLANG_WARN_INT_CONVERSION = YES;
				CLANG_WARN_NON_LITERAL_NULL_CONVERSION = YES;
				CLANG_WARN_OBJC_IMPLICIT_RETAIN_SELF = YES;
				CLANG_WARN_OBJC_LITERAL_CONVERSION = YES;
				CLANG_WARN_OBJC_ROOT_CLASS = YES_ERROR;
				CLANG_WARN_QUOTED_INCLUDE_IN_FRAMEWORK_HEADER = YES;
				CLANG_WARN_RANGE_LOOP_ANALYSIS = YES;
				CLANG_WARN_STRICT_PROTOTYPES = YES;
				CLANG_WARN_SUSPICIOUS_MOVE = YES;
				CLANG_WARN_UNGUARDED_AVAILABILITY = YES_AGGRESSIVE;
				CLANG_WARN_UNREACHABLE_CODE = YES;
				CLANG_WARN__DUPLICATE_METHOD_MATCH = YES;
				COPY_PHASE_STRIP = NO;
				DEBUG_INFORMATION_FORMAT = dwarf;
				ENABLE_STRICT_OBJC_MSGSEND = YES;
				ENABLE_TESTABILITY = YES;
				ENABLE_USER_SCRIPT_SANDBOXING = YES;
				GCC_C_LANGUAGE_STANDARD = gnu17;
				GCC_DYNAMIC_NO_PIC = NO;
				GCC_NO_COMMON_BLOCKS = YES;
				GCC_OPTIMIZATION_LEVEL = 0;
				GCC_PREPROCESSOR_DEFINITIONS = (
					"DEBUG=1",
					"$(inherited)",
				);
				GCC_WARN_64_TO_32_BIT_CONVERSION = YES;
				GCC_WARN_ABOUT_RETURN_TYPE = YES_ERROR;
				GCC_WARN_UNDECLARED_SELECTOR = YES;
				GCC_WARN_UNINITIALIZED_AUTOS = YES_AGGRESSIVE;
				GCC_WARN_UNUSED_FUNCTION = YES;
				GCC_WARN_UNUSED_VARIABLE = YES;
				IPHONEOS_DEPLOYMENT_TARGET = 17.2;
				LOCALIZATION_PREFERS_STRING_CATALOGS = YES;
				MTL_ENABLE_DEBUG_INFO = INCLUDE_SOURCE;
				MTL_FAST_MATH = YES;
				ONLY_ACTIVE_ARCH = YES;
				SDKROOT = iphoneos;
				SWIFT_ACTIVE_COMPILATION_CONDITIONS = "DEBUG $(inherited)";
				SWIFT_OPTIMIZATION_LEVEL = "-Onone";
			};
			name = Debug;
		};
		12EA57FC2B821ED5008A5CA6 /* Release */ = {
			isa = XCBuildConfiguration;
			buildSettings = {
				ALWAYS_SEARCH_USER_PATHS = NO;
				ASSETCATALOG_COMPILER_GENERATE_SWIFT_ASSET_SYMBOL_EXTENSIONS = YES;
				CLANG_ANALYZER_NONNULL = YES;
				CLANG_ANALYZER_NUMBER_OBJECT_CONVERSION = YES_AGGRESSIVE;
				CLANG_CXX_LANGUAGE_STANDARD = "gnu++20";
				CLANG_ENABLE_MODULES = YES;
				CLANG_ENABLE_OBJC_ARC = YES;
				CLANG_ENABLE_OBJC_WEAK = YES;
				CLANG_WARN_BLOCK_CAPTURE_AUTORELEASING = YES;
				CLANG_WARN_BOOL_CONVERSION = YES;
				CLANG_WARN_COMMA = YES;
				CLANG_WARN_CONSTANT_CONVERSION = YES;
				CLANG_WARN_DEPRECATED_OBJC_IMPLEMENTATIONS = YES;
				CLANG_WARN_DIRECT_OBJC_ISA_USAGE = YES_ERROR;
				CLANG_WARN_DOCUMENTATION_COMMENTS = YES;
				CLANG_WARN_EMPTY_BODY = YES;
				CLANG_WARN_ENUM_CONVERSION = YES;
				CLANG_WARN_INFINITE_RECURSION = YES;
				CLANG_WARN_INT_CONVERSION = YES;
				CLANG_WARN_NON_LITERAL_NULL_CONVERSION = YES;
				CLANG_WARN_OBJC_IMPLICIT_RETAIN_SELF = YES;
				CLANG_WARN_OBJC_LITERAL_CONVERSION = YES;
				CLANG_WARN_OBJC_ROOT_CLASS = YES_ERROR;
				CLANG_WARN_QUOTED_INCLUDE_IN_FRAMEWORK_HEADER = YES;
				CLANG_WARN_RANGE_LOOP_ANALYSIS = YES;
				CLANG_WARN_STRICT_PROTOTYPES = YES;
				CLANG_WARN_SUSPICIOUS_MOVE = YES;
				CLANG_WARN_UNGUARDED_AVAILABILITY = YES_AGGRESSIVE;
				CLANG_WARN_UNREACHABLE_CODE = YES;
				CLANG_WARN__DUPLICATE_METHOD_MATCH = YES;
				COPY_PHASE_STRIP = NO;
				DEBUG_INFORMATION_FORMAT = "dwarf-with-dsym";
				ENABLE_NS_ASSERTIONS = NO;
				ENABLE_STRICT_OBJC_MSGSEND = YES;
				ENABLE_USER_SCRIPT_SANDBOXING = YES;
				GCC_C_LANGUAGE_STANDARD = gnu17;
				GCC_NO_COMMON_BLOCKS = YES;
				GCC_WARN_64_TO_32_BIT_CONVERSION = YES;
				GCC_WARN_ABOUT_RETURN_TYPE = YES_ERROR;
				GCC_WARN_UNDECLARED_SELECTOR = YES;
				GCC_WARN_UNINITIALIZED_AUTOS = YES_AGGRESSIVE;
				GCC_WARN_UNUSED_FUNCTION = YES;
				GCC_WARN_UNUSED_VARIABLE = YES;
				IPHONEOS_DEPLOYMENT_TARGET = 17.2;
				LOCALIZATION_PREFERS_STRING_CATALOGS = YES;
				MTL_ENABLE_DEBUG_INFO = NO;
				MTL_FAST_MATH = YES;
				SDKROOT = iphoneos;
				SWIFT_COMPILATION_MODE = wholemodule;
				VALIDATE_PRODUCT = YES;
			};
			name = Release;
		};
		12EA57FE2B821ED5008A5CA6 /* Debug */ = {
			isa = XCBuildConfiguration;
			buildSettings = {
				ASSETCATALOG_COMPILER_APPICON_NAME = AppIcon;
				ASSETCATALOG_COMPILER_GLOBAL_ACCENT_COLOR_NAME = AccentColor;
				CODE_SIGN_STYLE = Automatic;
				CURRENT_PROJECT_VERSION = 1;
				DEVELOPMENT_ASSET_PATHS = "\"AnimalKR/Preview Content\"";
				ENABLE_PREVIEWS = YES;
				GENERATE_INFOPLIST_FILE = YES;
				INFOPLIST_KEY_UIApplicationSceneManifest_Generation = YES;
				INFOPLIST_KEY_UIApplicationSupportsIndirectInputEvents = YES;
				INFOPLIST_KEY_UILaunchScreen_Generation = YES;
				INFOPLIST_KEY_UISupportedInterfaceOrientations_iPad = "UIInterfaceOrientationPortrait UIInterfaceOrientationPortraitUpsideDown UIInterfaceOrientationLandscapeLeft UIInterfaceOrientationLandscapeRight";
				INFOPLIST_KEY_UISupportedInterfaceOrientations_iPhone = "UIInterfaceOrientationPortrait UIInterfaceOrientationLandscapeLeft UIInterfaceOrientationLandscapeRight";
				INFOPLIST_KEY_UIUserInterfaceStyle = Dark;
				IPHONEOS_DEPLOYMENT_TARGET = 15.0;
				LD_RUNPATH_SEARCH_PATHS = (
					"$(inherited)",
					"@executable_path/Frameworks",
				);
				MARKETING_VERSION = 1.0;
				PRODUCT_BUNDLE_IDENTIFIER = com.asukim.test.AnimalKR;
				PRODUCT_NAME = "$(TARGET_NAME)";
				SUPPORTED_PLATFORMS = "iphoneos iphonesimulator";
				SUPPORTS_MACCATALYST = NO;
				SUPPORTS_MAC_DESIGNED_FOR_IPHONE_IPAD = NO;
				SWIFT_EMIT_LOC_STRINGS = YES;
				SWIFT_VERSION = 5.0;
				TARGETED_DEVICE_FAMILY = 1;
			};
			name = Debug;
		};
		12EA57FF2B821ED5008A5CA6 /* Release */ = {
			isa = XCBuildConfiguration;
			buildSettings = {
				ASSETCATALOG_COMPILER_APPICON_NAME = AppIcon;
				ASSETCATALOG_COMPILER_GLOBAL_ACCENT_COLOR_NAME = AccentColor;
				CODE_SIGN_STYLE = Automatic;
				CURRENT_PROJECT_VERSION = 1;
				DEVELOPMENT_ASSET_PATHS = "\"AnimalKR/Preview Content\"";
				ENABLE_PREVIEWS = YES;
				GENERATE_INFOPLIST_FILE = YES;
				INFOPLIST_KEY_UIApplicationSceneManifest_Generation = YES;
				INFOPLIST_KEY_UIApplicationSupportsIndirectInputEvents = YES;
				INFOPLIST_KEY_UILaunchScreen_Generation = YES;
				INFOPLIST_KEY_UISupportedInterfaceOrientations_iPad = "UIInterfaceOrientationPortrait UIInterfaceOrientationPortraitUpsideDown UIInterfaceOrientationLandscapeLeft UIInterfaceOrientationLandscapeRight";
				INFOPLIST_KEY_UISupportedInterfaceOrientations_iPhone = "UIInterfaceOrientationPortrait UIInterfaceOrientationLandscapeLeft UIInterfaceOrientationLandscapeRight";
				INFOPLIST_KEY_UIUserInterfaceStyle = Dark;
				IPHONEOS_DEPLOYMENT_TARGET = 15.0;
				LD_RUNPATH_SEARCH_PATHS = (
					"$(inherited)",
					"@executable_path/Frameworks",
				);
				MARKETING_VERSION = 1.0;
				PRODUCT_BUNDLE_IDENTIFIER = com.asukim.test.AnimalKR;
				PRODUCT_NAME = "$(TARGET_NAME)";
				SUPPORTED_PLATFORMS = "iphoneos iphonesimulator";
				SUPPORTS_MACCATALYST = NO;
				SUPPORTS_MAC_DESIGNED_FOR_IPHONE_IPAD = NO;
				SWIFT_EMIT_LOC_STRINGS = YES;
				SWIFT_VERSION = 5.0;
				TARGETED_DEVICE_FAMILY = 1;
			};
			name = Release;
		};
/* End XCBuildConfiguration section */

/* Begin XCConfigurationList section */
		12EA57EA2B821ED4008A5CA6 /* Build configuration list for PBXProject "AnimalKR" */ = {
			isa = XCConfigurationList;
			buildConfigurations = (
				12EA57FB2B821ED5008A5CA6 /* Debug */,
				12EA57FC2B821ED5008A5CA6 /* Release */,
			);
			defaultConfigurationIsVisible = 0;
			defaultConfigurationName = Release;
		};
		12EA57FD2B821ED5008A5CA6 /* Build configuration list for PBXNativeTarget "AnimalKR" */ = {
			isa = XCConfigurationList;
			buildConfigurations = (
				12EA57FE2B821ED5008A5CA6 /* Debug */,
				12EA57FF2B821ED5008A5CA6 /* Release */,
			);
			defaultConfigurationIsVisible = 0;
			defaultConfigurationName = Release;
		};
/* End XCConfigurationList section */
	};
	rootObject = 12EA57E72B821ED4008A5CA6 /* Project object */;
}
